
Microsoft Visual Studio Solution File, Format Version 12.00
# Visual Studio 15
VisualStudioVersion = 15.0.26124.0
MinimumVisualStudioVersion = 15.0.26124.0
Project("{2150E333-8FDC-42A3-9474-1A3956D46DE8}") = "src", "src", "{D5E9E8E5-4050-4B9A-9F1F-15FA3BDB0684}"
EndProject
Project("{FAE04EC0-301F-11D3-BF4B-00C04F79EFBC}") = "Duende.IdentityServer.Storage", "src\Storage\Duende.IdentityServer.Storage.csproj", "{4FEBAA3A-EBF6-4F47-BD44-A8556C14E9F0}"
EndProject
Project("{FAE04EC0-301F-11D3-BF4B-00C04F79EFBC}") = "Duende.IdentityServer", "src\IdentityServer\Duende.IdentityServer.csproj", "{B323C0BF-C0BB-4BD4-9B08-A92EC68C9CED}"
EndProject
Project("{2150E333-8FDC-42A3-9474-1A3956D46DE8}") = "test", "test", "{DF26567D-46BB-4720-8610-EC3D6AB9793C}"
EndProject
Project("{FAE04EC0-301F-11D3-BF4B-00C04F79EFBC}") = "IdentityServer.UnitTests", "test\IdentityServer.UnitTests\IdentityServer.UnitTests.csproj", "{7FE80A13-4265-4427-91E1-89C8AA7548BC}"
EndProject
Project("{FAE04EC0-301F-11D3-BF4B-00C04F79EFBC}") = "IdentityServer.IntegrationTests", "test\IdentityServer.IntegrationTests\IdentityServer.IntegrationTests.csproj", "{CCF44C3A-3A43-43DB-A595-BC39F3CB2CD0}"
EndProject
Project("{2150E333-8FDC-42A3-9474-1A3956D46DE8}") = "hosts", "hosts", "{82C80BEB-73A0-4B96-83A4-7C69792CF010}"
EndProject
Project("{FAE04EC0-301F-11D3-BF4B-00C04F79EFBC}") = "Host.Main", "hosts\Main\Host.Main.csproj", "{B9EB8B81-27B1-462C-B190-716365D62942}"
EndProject
Global
	GlobalSection(SolutionConfigurationPlatforms) = preSolution
		Debug|Any CPU = Debug|Any CPU
		Debug|x64 = Debug|x64
		Debug|x86 = Debug|x86
		Release|Any CPU = Release|Any CPU
		Release|x64 = Release|x64
		Release|x86 = Release|x86
	EndGlobalSection
	GlobalSection(SolutionProperties) = preSolution
		HideSolutionNode = FALSE
	EndGlobalSection
	GlobalSection(NestedProjects) = preSolution
		{4FEBAA3A-EBF6-4F47-BD44-A8556C14E9F0} = {D5E9E8E5-4050-4B9A-9F1F-15FA3BDB0684}
		{B323C0BF-C0BB-4BD4-9B08-A92EC68C9CED} = {D5E9E8E5-4050-4B9A-9F1F-15FA3BDB0684}
		{7FE80A13-4265-4427-91E1-89C8AA7548BC} = {DF26567D-46BB-4720-8610-EC3D6AB9793C}
		{CCF44C3A-3A43-43DB-A595-BC39F3CB2CD0} = {DF26567D-46BB-4720-8610-EC3D6AB9793C}
		{B9EB8B81-27B1-462C-B190-716365D62942} = {82C80BEB-73A0-4B96-83A4-7C69792CF010}
	EndGlobalSection
	GlobalSection(ProjectConfigurationPlatforms) = postSolution
		{4FEBAA3A-EBF6-4F47-BD44-A8556C14E9F0}.Debug|Any CPU.ActiveCfg = Debug|Any CPU
		{4FEBAA3A-EBF6-4F47-BD44-A8556C14E9F0}.Debug|Any CPU.Build.0 = Debug|Any CPU
		{4FEBAA3A-EBF6-4F47-BD44-A8556C14E9F0}.Debug|x64.ActiveCfg = Debug|Any CPU
		{4FEBAA3A-EBF6-4F47-BD44-A8556C14E9F0}.Debug|x64.Build.0 = Debug|Any CPU
		{4FEBAA3A-EBF6-4F47-BD44-A8556C14E9F0}.Debug|x86.ActiveCfg = Debug|Any CPU
		{4FEBAA3A-EBF6-4F47-BD44-A8556C14E9F0}.Debug|x86.Build.0 = Debug|Any CPU
		{4FEBAA3A-EBF6-4F47-BD44-A8556C14E9F0}.Release|Any CPU.ActiveCfg = Release|Any CPU
		{4FEBAA3A-EBF6-4F47-BD44-A8556C14E9F0}.Release|Any CPU.Build.0 = Release|Any CPU
		{4FEBAA3A-EBF6-4F47-BD44-A8556C14E9F0}.Release|x64.ActiveCfg = Release|Any CPU
		{4FEBAA3A-EBF6-4F47-BD44-A8556C14E9F0}.Release|x64.Build.0 = Release|Any CPU
		{4FEBAA3A-EBF6-4F47-BD44-A8556C14E9F0}.Release|x86.ActiveCfg = Release|Any CPU
		{4FEBAA3A-EBF6-4F47-BD44-A8556C14E9F0}.Release|x86.Build.0 = Release|Any CPU
		{B323C0BF-C0BB-4BD4-9B08-A92EC68C9CED}.Debug|Any CPU.ActiveCfg = Debug|Any CPU
		{B323C0BF-C0BB-4BD4-9B08-A92EC68C9CED}.Debug|Any CPU.Build.0 = Debug|Any CPU
		{B323C0BF-C0BB-4BD4-9B08-A92EC68C9CED}.Debug|x64.ActiveCfg = Debug|Any CPU
		{B323C0BF-C0BB-4BD4-9B08-A92EC68C9CED}.Debug|x64.Build.0 = Debug|Any CPU
		{B323C0BF-C0BB-4BD4-9B08-A92EC68C9CED}.Debug|x86.ActiveCfg = Debug|Any CPU
		{B323C0BF-C0BB-4BD4-9B08-A92EC68C9CED}.Debug|x86.Build.0 = Debug|Any CPU
		{B323C0BF-C0BB-4BD4-9B08-A92EC68C9CED}.Release|Any CPU.ActiveCfg = Release|Any CPU
		{B323C0BF-C0BB-4BD4-9B08-A92EC68C9CED}.Release|Any CPU.Build.0 = Release|Any CPU
		{B323C0BF-C0BB-4BD4-9B08-A92EC68C9CED}.Release|x64.ActiveCfg = Release|Any CPU
		{B323C0BF-C0BB-4BD4-9B08-A92EC68C9CED}.Release|x64.Build.0 = Release|Any CPU
		{B323C0BF-C0BB-4BD4-9B08-A92EC68C9CED}.Release|x86.ActiveCfg = Release|Any CPU
		{B323C0BF-C0BB-4BD4-9B08-A92EC68C9CED}.Release|x86.Build.0 = Release|Any CPU
		{7FE80A13-4265-4427-91E1-89C8AA7548BC}.Debug|Any CPU.ActiveCfg = Debug|Any CPU
		{7FE80A13-4265-4427-91E1-89C8AA7548BC}.Debug|Any CPU.Build.0 = Debug|Any CPU
		{7FE80A13-4265-4427-91E1-89C8AA7548BC}.Debug|x64.ActiveCfg = Debug|Any CPU
		{7FE80A13-4265-4427-91E1-89C8AA7548BC}.Debug|x64.Build.0 = Debug|Any CPU
		{7FE80A13-4265-4427-91E1-89C8AA7548BC}.Debug|x86.ActiveCfg = Debug|Any CPU
		{7FE80A13-4265-4427-91E1-89C8AA7548BC}.Debug|x86.Build.0 = Debug|Any CPU
		{7FE80A13-4265-4427-91E1-89C8AA7548BC}.Release|Any CPU.ActiveCfg = Release|Any CPU
		{7FE80A13-4265-4427-91E1-89C8AA7548BC}.Release|Any CPU.Build.0 = Release|Any CPU
		{7FE80A13-4265-4427-91E1-89C8AA7548BC}.Release|x64.ActiveCfg = Release|Any CPU
		{7FE80A13-4265-4427-91E1-89C8AA7548BC}.Release|x64.Build.0 = Release|Any CPU
		{7FE80A13-4265-4427-91E1-89C8AA7548BC}.Release|x86.ActiveCfg = Release|Any CPU
		{7FE80A13-4265-4427-91E1-89C8AA7548BC}.Release|x86.Build.0 = Release|Any CPU
		{CCF44C3A-3A43-43DB-A595-BC39F3CB2CD0}.Debug|Any CPU.ActiveCfg = Debug|Any CPU
		{CCF44C3A-3A43-43DB-A595-BC39F3CB2CD0}.Debug|Any CPU.Build.0 = Debug|Any CPU
		{CCF44C3A-3A43-43DB-A595-BC39F3CB2CD0}.Debug|x64.ActiveCfg = Debug|Any CPU
		{CCF44C3A-3A43-43DB-A595-BC39F3CB2CD0}.Debug|x64.Build.0 = Debug|Any CPU
		{CCF44C3A-3A43-43DB-A595-BC39F3CB2CD0}.Debug|x86.ActiveCfg = Debug|Any CPU
		{CCF44C3A-3A43-43DB-A595-BC39F3CB2CD0}.Debug|x86.Build.0 = Debug|Any CPU
		{CCF44C3A-3A43-43DB-A595-BC39F3CB2CD0}.Release|Any CPU.ActiveCfg = Release|Any CPU
		{CCF44C3A-3A43-43DB-A595-BC39F3CB2CD0}.Release|Any CPU.Build.0 = Release|Any CPU
		{CCF44C3A-3A43-43DB-A595-BC39F3CB2CD0}.Release|x64.ActiveCfg = Release|Any CPU
		{CCF44C3A-3A43-43DB-A595-BC39F3CB2CD0}.Release|x64.Build.0 = Release|Any CPU
		{CCF44C3A-3A43-43DB-A595-BC39F3CB2CD0}.Release|x86.ActiveCfg = Release|Any CPU
		{CCF44C3A-3A43-43DB-A595-BC39F3CB2CD0}.Release|x86.Build.0 = Release|Any CPU
		{B9EB8B81-27B1-462C-B190-716365D62942}.Debug|Any CPU.ActiveCfg = Debug|Any CPU
		{B9EB8B81-27B1-462C-B190-716365D62942}.Debug|Any CPU.Build.0 = Debug|Any CPU
		{B9EB8B81-27B1-462C-B190-716365D62942}.Debug|x64.ActiveCfg = Debug|Any CPU
		{B9EB8B81-27B1-462C-B190-716365D62942}.Debug|x64.Build.0 = Debug|Any CPU
		{B9EB8B81-27B1-462C-B190-716365D62942}.Debug|x86.ActiveCfg = Debug|Any CPU
		{B9EB8B81-27B1-462C-B190-716365D62942}.Debug|x86.Build.0 = Debug|Any CPU
		{B9EB8B81-27B1-462C-B190-716365D62942}.Release|Any CPU.ActiveCfg = Release|Any CPU
		{B9EB8B81-27B1-462C-B190-716365D62942}.Release|Any CPU.Build.0 = Release|Any CPU
		{B9EB8B81-27B1-462C-B190-716365D62942}.Release|x64.ActiveCfg = Release|Any CPU
		{B9EB8B81-27B1-462C-B190-716365D62942}.Release|x64.Build.0 = Release|Any CPU
		{B9EB8B81-27B1-462C-B190-716365D62942}.Release|x86.ActiveCfg = Release|Any CPU
		{B9EB8B81-27B1-462C-B190-716365D62942}.Release|x86.Build.0 = Release|Any CPU
	EndGlobalSection
EndGlobal
