
Microsoft Visual Studio Solution File, Format Version 12.00
# Visual Studio Version 17
VisualStudioVersion = 17.0.31912.275
MinimumVisualStudioVersion = 15.0.26124.0
Project("{2150E333-8FDC-42A3-9474-1A3956D46DE8}") = "src", "src", "{D5E9E8E5-4050-4B9A-9F1F-15FA3BDB0684}"
EndProject
Project("{9A19103F-16F7-4668-BE54-9A1E7A4F7556}") = "Duende.IdentityServer.Storage", "src\Storage\Duende.IdentityServer.Storage.csproj", "{4FEBAA3A-EBF6-4F47-BD44-A8556C14E9F0}"
EndProject
Project("{9A19103F-16F7-4668-BE54-9A1E7A4F7556}") = "Duende.IdentityServer", "src\IdentityServer\Duende.IdentityServer.csproj", "{B323C0BF-C0BB-4BD4-9B08-A92EC68C9CED}"
EndProject
Project("{9A19103F-16F7-4668-BE54-9A1E7A4F7556}") = "Duende.IdentityServer.AspNetIdentity", "src\AspNetIdentity\Duende.IdentityServer.AspNetIdentity.csproj", "{67B2A6B5-31B0-4CD3-8EE4-A4B0BDEA0BD3}"
EndProject
Project("{9A19103F-16F7-4668-BE54-9A1E7A4F7556}") = "Duende.IdentityServer.EntityFramework.Storage", "src\EntityFramework.Storage\Duende.IdentityServer.EntityFramework.Storage.csproj", "{E2849A9F-9BDA-4101-A98B-CA8E2FE9D155}"
EndProject
Project("{9A19103F-16F7-4668-BE54-9A1E7A4F7556}") = "Duende.IdentityServer.EntityFramework", "src\EntityFramework\Duende.IdentityServer.EntityFramework.csproj", "{376FD801-0E35-4145-9322-28FFB219E668}"
EndProject
Project("{9A19103F-16F7-4668-BE54-9A1E7A4F7556}") = "Duende.IdentityServer.Configuration", "src\Configuration\Duende.IdentityServer.Configuration.csproj", "{0DA5C33E-3B7A-4BF4-9FDE-104A345084C7}"
EndProject
Project("{9A19103F-16F7-4668-BE54-9A1E7A4F7556}") = "Duende.IdentityServer.Configuration.EntityFramework", "src\Configuration.EntityFramework\Duende.IdentityServer.Configuration.EntityFramework.csproj", "{F5C5D123-E87A-4A2B-8954-4AB7496FDF9A}"
EndProject
Global
	GlobalSection(SolutionConfigurationPlatforms) = preSolution
		Debug|Any CPU = Debug|Any CPU
		Debug|x64 = Debug|x64
		Debug|x86 = Debug|x86
		Release|Any CPU = Release|Any CPU
		Release|x64 = Release|x64
		Release|x86 = Release|x86
	EndGlobalSection
	GlobalSection(ProjectConfigurationPlatforms) = postSolution
		{4FEBAA3A-EBF6-4F47-BD44-A8556C14E9F0}.Debug|Any CPU.ActiveCfg = Debug|Any CPU
		{4FEBAA3A-EBF6-4F47-BD44-A8556C14E9F0}.Debug|Any CPU.Build.0 = Debug|Any CPU
		{4FEBAA3A-EBF6-4F47-BD44-A8556C14E9F0}.Debug|x64.ActiveCfg = Debug|Any CPU
		{4FEBAA3A-EBF6-4F47-BD44-A8556C14E9F0}.Debug|x64.Build.0 = Debug|Any CPU
		{4FEBAA3A-EBF6-4F47-BD44-A8556C14E9F0}.Debug|x86.ActiveCfg = Debug|Any CPU
		{4FEBAA3A-EBF6-4F47-BD44-A8556C14E9F0}.Debug|x86.Build.0 = Debug|Any CPU
		{4FEBAA3A-EBF6-4F47-BD44-A8556C14E9F0}.Release|Any CPU.ActiveCfg = Release|Any CPU
		{4FEBAA3A-EBF6-4F47-BD44-A8556C14E9F0}.Release|Any CPU.Build.0 = Release|Any CPU
		{4FEBAA3A-EBF6-4F47-BD44-A8556C14E9F0}.Release|x64.ActiveCfg = Release|Any CPU
		{4FEBAA3A-EBF6-4F47-BD44-A8556C14E9F0}.Release|x64.Build.0 = Release|Any CPU
		{4FEBAA3A-EBF6-4F47-BD44-A8556C14E9F0}.Release|x86.ActiveCfg = Release|Any CPU
		{4FEBAA3A-EBF6-4F47-BD44-A8556C14E9F0}.Release|x86.Build.0 = Release|Any CPU
		{B323C0BF-C0BB-4BD4-9B08-A92EC68C9CED}.Debug|Any CPU.ActiveCfg = Debug|Any CPU
		{B323C0BF-C0BB-4BD4-9B08-A92EC68C9CED}.Debug|Any CPU.Build.0 = Debug|Any CPU
		{B323C0BF-C0BB-4BD4-9B08-A92EC68C9CED}.Debug|x64.ActiveCfg = Debug|Any CPU
		{B323C0BF-C0BB-4BD4-9B08-A92EC68C9CED}.Debug|x64.Build.0 = Debug|Any CPU
		{B323C0BF-C0BB-4BD4-9B08-A92EC68C9CED}.Debug|x86.ActiveCfg = Debug|Any CPU
		{B323C0BF-C0BB-4BD4-9B08-A92EC68C9CED}.Debug|x86.Build.0 = Debug|Any CPU
		{B323C0BF-C0BB-4BD4-9B08-A92EC68C9CED}.Release|Any CPU.ActiveCfg = Release|Any CPU
		{B323C0BF-C0BB-4BD4-9B08-A92EC68C9CED}.Release|Any CPU.Build.0 = Release|Any CPU
		{B323C0BF-C0BB-4BD4-9B08-A92EC68C9CED}.Release|x64.ActiveCfg = Release|Any CPU
		{B323C0BF-C0BB-4BD4-9B08-A92EC68C9CED}.Release|x64.Build.0 = Release|Any CPU
		{B323C0BF-C0BB-4BD4-9B08-A92EC68C9CED}.Release|x86.ActiveCfg = Release|Any CPU
		{B323C0BF-C0BB-4BD4-9B08-A92EC68C9CED}.Release|x86.Build.0 = Release|Any CPU
		{67B2A6B5-31B0-4CD3-8EE4-A4B0BDEA0BD3}.Debug|Any CPU.ActiveCfg = Debug|Any CPU
		{67B2A6B5-31B0-4CD3-8EE4-A4B0BDEA0BD3}.Debug|Any CPU.Build.0 = Debug|Any CPU
		{67B2A6B5-31B0-4CD3-8EE4-A4B0BDEA0BD3}.Debug|x64.ActiveCfg = Debug|Any CPU
		{67B2A6B5-31B0-4CD3-8EE4-A4B0BDEA0BD3}.Debug|x64.Build.0 = Debug|Any CPU
		{67B2A6B5-31B0-4CD3-8EE4-A4B0BDEA0BD3}.Debug|x86.ActiveCfg = Debug|Any CPU
		{67B2A6B5-31B0-4CD3-8EE4-A4B0BDEA0BD3}.Debug|x86.Build.0 = Debug|Any CPU
		{67B2A6B5-31B0-4CD3-8EE4-A4B0BDEA0BD3}.Release|Any CPU.ActiveCfg = Release|Any CPU
		{67B2A6B5-31B0-4CD3-8EE4-A4B0BDEA0BD3}.Release|Any CPU.Build.0 = Release|Any CPU
		{67B2A6B5-31B0-4CD3-8EE4-A4B0BDEA0BD3}.Release|x64.ActiveCfg = Release|Any CPU
		{67B2A6B5-31B0-4CD3-8EE4-A4B0BDEA0BD3}.Release|x64.Build.0 = Release|Any CPU
		{67B2A6B5-31B0-4CD3-8EE4-A4B0BDEA0BD3}.Release|x86.ActiveCfg = Release|Any CPU
		{67B2A6B5-31B0-4CD3-8EE4-A4B0BDEA0BD3}.Release|x86.Build.0 = Release|Any CPU
		{E2849A9F-9BDA-4101-A98B-CA8E2FE9D155}.Debug|Any CPU.ActiveCfg = Debug|Any CPU
		{E2849A9F-9BDA-4101-A98B-CA8E2FE9D155}.Debug|Any CPU.Build.0 = Debug|Any CPU
		{E2849A9F-9BDA-4101-A98B-CA8E2FE9D155}.Debug|x64.ActiveCfg = Debug|Any CPU
		{E2849A9F-9BDA-4101-A98B-CA8E2FE9D155}.Debug|x64.Build.0 = Debug|Any CPU
		{E2849A9F-9BDA-4101-A98B-CA8E2FE9D155}.Debug|x86.ActiveCfg = Debug|Any CPU
		{E2849A9F-9BDA-4101-A98B-CA8E2FE9D155}.Debug|x86.Build.0 = Debug|Any CPU
		{E2849A9F-9BDA-4101-A98B-CA8E2FE9D155}.Release|Any CPU.ActiveCfg = Release|Any CPU
		{E2849A9F-9BDA-4101-A98B-CA8E2FE9D155}.Release|Any CPU.Build.0 = Release|Any CPU
		{E2849A9F-9BDA-4101-A98B-CA8E2FE9D155}.Release|x64.ActiveCfg = Release|Any CPU
		{E2849A9F-9BDA-4101-A98B-CA8E2FE9D155}.Release|x64.Build.0 = Release|Any CPU
		{E2849A9F-9BDA-4101-A98B-CA8E2FE9D155}.Release|x86.ActiveCfg = Release|Any CPU
		{E2849A9F-9BDA-4101-A98B-CA8E2FE9D155}.Release|x86.Build.0 = Release|Any CPU
		{376FD801-0E35-4145-9322-28FFB219E668}.Debug|Any CPU.ActiveCfg = Debug|Any CPU
		{376FD801-0E35-4145-9322-28FFB219E668}.Debug|Any CPU.Build.0 = Debug|Any CPU
		{376FD801-0E35-4145-9322-28FFB219E668}.Debug|x64.ActiveCfg = Debug|Any CPU
		{376FD801-0E35-4145-9322-28FFB219E668}.Debug|x64.Build.0 = Debug|Any CPU
		{376FD801-0E35-4145-9322-28FFB219E668}.Debug|x86.ActiveCfg = Debug|Any CPU
		{376FD801-0E35-4145-9322-28FFB219E668}.Debug|x86.Build.0 = Debug|Any CPU
		{376FD801-0E35-4145-9322-28FFB219E668}.Release|Any CPU.ActiveCfg = Release|Any CPU
		{376FD801-0E35-4145-9322-28FFB219E668}.Release|Any CPU.Build.0 = Release|Any CPU
		{376FD801-0E35-4145-9322-28FFB219E668}.Release|x64.ActiveCfg = Release|Any CPU
		{376FD801-0E35-4145-9322-28FFB219E668}.Release|x64.Build.0 = Release|Any CPU
		{376FD801-0E35-4145-9322-28FFB219E668}.Release|x86.ActiveCfg = Release|Any CPU
		{376FD801-0E35-4145-9322-28FFB219E668}.Release|x86.Build.0 = Release|Any CPU
		{0DA5C33E-3B7A-4BF4-9FDE-104A345084C7}.Debug|Any CPU.ActiveCfg = Debug|Any CPU
		{0DA5C33E-3B7A-4BF4-9FDE-104A345084C7}.Debug|Any CPU.Build.0 = Debug|Any CPU
		{0DA5C33E-3B7A-4BF4-9FDE-104A345084C7}.Debug|x64.ActiveCfg = Debug|Any CPU
		{0DA5C33E-3B7A-4BF4-9FDE-104A345084C7}.Debug|x64.Build.0 = Debug|Any CPU
		{0DA5C33E-3B7A-4BF4-9FDE-104A345084C7}.Debug|x86.ActiveCfg = Debug|Any CPU
		{0DA5C33E-3B7A-4BF4-9FDE-104A345084C7}.Debug|x86.Build.0 = Debug|Any CPU
		{0DA5C33E-3B7A-4BF4-9FDE-104A345084C7}.Release|Any CPU.ActiveCfg = Release|Any CPU
		{0DA5C33E-3B7A-4BF4-9FDE-104A345084C7}.Release|Any CPU.Build.0 = Release|Any CPU
		{0DA5C33E-3B7A-4BF4-9FDE-104A345084C7}.Release|x64.ActiveCfg = Release|Any CPU
		{0DA5C33E-3B7A-4BF4-9FDE-104A345084C7}.Release|x64.Build.0 = Release|Any CPU
		{0DA5C33E-3B7A-4BF4-9FDE-104A345084C7}.Release|x86.ActiveCfg = Release|Any CPU
		{0DA5C33E-3B7A-4BF4-9FDE-104A345084C7}.Release|x86.Build.0 = Release|Any CPU
		{F5C5D123-E87A-4A2B-8954-4AB7496FDF9A}.Debug|Any CPU.ActiveCfg = Debug|Any CPU
		{F5C5D123-E87A-4A2B-8954-4AB7496FDF9A}.Debug|Any CPU.Build.0 = Debug|Any CPU
		{F5C5D123-E87A-4A2B-8954-4AB7496FDF9A}.Debug|x64.ActiveCfg = Debug|Any CPU
		{F5C5D123-E87A-4A2B-8954-4AB7496FDF9A}.Debug|x64.Build.0 = Debug|Any CPU
		{F5C5D123-E87A-4A2B-8954-4AB7496FDF9A}.Debug|x86.ActiveCfg = Debug|Any CPU
		{F5C5D123-E87A-4A2B-8954-4AB7496FDF9A}.Debug|x86.Build.0 = Debug|Any CPU
		{F5C5D123-E87A-4A2B-8954-4AB7496FDF9A}.Release|Any CPU.ActiveCfg = Release|Any CPU
		{F5C5D123-E87A-4A2B-8954-4AB7496FDF9A}.Release|Any CPU.Build.0 = Release|Any CPU
		{F5C5D123-E87A-4A2B-8954-4AB7496FDF9A}.Release|x64.ActiveCfg = Release|Any CPU
		{F5C5D123-E87A-4A2B-8954-4AB7496FDF9A}.Release|x64.Build.0 = Release|Any CPU
		{F5C5D123-E87A-4A2B-8954-4AB7496FDF9A}.Release|x86.ActiveCfg = Release|Any CPU
		{F5C5D123-E87A-4A2B-8954-4AB7496FDF9A}.Release|x86.Build.0 = Release|Any CPU
	EndGlobalSection
	GlobalSection(SolutionProperties) = preSolution
		HideSolutionNode = FALSE
	EndGlobalSection
	GlobalSection(NestedProjects) = preSolution
		{4FEBAA3A-EBF6-4F47-BD44-A8556C14E9F0} = {D5E9E8E5-4050-4B9A-9F1F-15FA3BDB0684}
		{B323C0BF-C0BB-4BD4-9B08-A92EC68C9CED} = {D5E9E8E5-4050-4B9A-9F1F-15FA3BDB0684}
		{67B2A6B5-31B0-4CD3-8EE4-A4B0BDEA0BD3} = {D5E9E8E5-4050-4B9A-9F1F-15FA3BDB0684}
		{E2849A9F-9BDA-4101-A98B-CA8E2FE9D155} = {D5E9E8E5-4050-4B9A-9F1F-15FA3BDB0684}
		{376FD801-0E35-4145-9322-28FFB219E668} = {D5E9E8E5-4050-4B9A-9F1F-15FA3BDB0684}
		{0DA5C33E-3B7A-4BF4-9FDE-104A345084C7} = {D5E9E8E5-4050-4B9A-9F1F-15FA3BDB0684}
		{F5C5D123-E87A-4A2B-8954-4AB7496FDF9A} = {D5E9E8E5-4050-4B9A-9F1F-15FA3BDB0684}
	EndGlobalSection
	GlobalSection(ExtensibilityGlobals) = postSolution
		SolutionGuid = {FDB095BE-A04A-4440-ACA0-EDD7CF9CFD64}
	EndGlobalSection
EndGlobal
