
Microsoft Visual Studio Solution File, Format Version 12.00
# Visual Studio Version 17
VisualStudioVersion = 17.0.31912.275
MinimumVisualStudioVersion = 15.0.26124.0
Project("{2150E333-8FDC-42A3-9474-1A3956D46DE8}") = "src", "src", "{D5E9E8E5-4050-4B9A-9F1F-15FA3BDB0684}"
EndProject
Project("{9A19103F-16F7-4668-BE54-9A1E7A4F7556}") = "Duende.IdentityServer.Storage", "src\Storage\Duende.IdentityServer.Storage.csproj", "{4FEBAA3A-EBF6-4F47-BD44-A8556C14E9F0}"
EndProject
Project("{9A19103F-16F7-4668-BE54-9A1E7A4F7556}") = "Duende.IdentityServer", "src\IdentityServer\Duende.IdentityServer.csproj", "{B323C0BF-C0BB-4BD4-9B08-A92EC68C9CED}"
EndProject
Project("{2150E333-8FDC-42A3-9474-1A3956D46DE8}") = "test", "test", "{DF26567D-46BB-4720-8610-EC3D6AB9793C}"
EndProject
Project("{9A19103F-16F7-4668-BE54-9A1E7A4F7556}") = "IdentityServer.UnitTests", "test\IdentityServer.UnitTests\IdentityServer.UnitTests.csproj", "{7FE80A13-4265-4427-91E1-89C8AA7548BC}"
EndProject
Project("{9A19103F-16F7-4668-BE54-9A1E7A4F7556}") = "IdentityServer.IntegrationTests", "test\IdentityServer.IntegrationTests\IdentityServer.IntegrationTests.csproj", "{CCF44C3A-3A43-43DB-A595-BC39F3CB2CD0}"
EndProject
Project("{2150E333-8FDC-42A3-9474-1A3956D46DE8}") = "hosts", "hosts", "{82C80BEB-73A0-4B96-83A4-7C69792CF010}"
EndProject
Project("{9A19103F-16F7-4668-BE54-9A1E7A4F7556}") = "Host.Main", "hosts\main\Host.Main.csproj", "{7DB9D734-1D15-4A7B-BAEF-416301DCC6DE}"
EndProject
Project("{9A19103F-16F7-4668-BE54-9A1E7A4F7556}") = "Duende.IdentityServer.AspNetIdentity", "src\AspNetIdentity\Duende.IdentityServer.AspNetIdentity.csproj", "{67B2A6B5-31B0-4CD3-8EE4-A4B0BDEA0BD3}"
EndProject
Project("{9A19103F-16F7-4668-BE54-9A1E7A4F7556}") = "Duende.IdentityServer.EntityFramework.Storage", "src\EntityFramework.Storage\Duende.IdentityServer.EntityFramework.Storage.csproj", "{E2849A9F-9BDA-4101-A98B-CA8E2FE9D155}"
EndProject
Project("{9A19103F-16F7-4668-BE54-9A1E7A4F7556}") = "Duende.IdentityServer.EntityFramework", "src\EntityFramework\Duende.IdentityServer.EntityFramework.csproj", "{376FD801-0E35-4145-9322-28FFB219E668}"
EndProject
Project("{9A19103F-16F7-4668-BE54-9A1E7A4F7556}") = "EntityFramework.Tests", "test\EntityFramework.Tests\EntityFramework.Tests.csproj", "{0772AE76-46E3-42A2-AA2F-B8EB56B4EB0D}"
EndProject
Project("{9A19103F-16F7-4668-BE54-9A1E7A4F7556}") = "EntityFramework.Storage.UnitTests", "test\EntityFramework.Storage.UnitTests\EntityFramework.Storage.UnitTests.csproj", "{3A72EDFA-1E19-46E6-B983-ECF3EFBF192E}"
EndProject
Project("{9A19103F-16F7-4668-BE54-9A1E7A4F7556}") = "EntityFramework.Storage.IntegrationTests", "test\EntityFramework.Storage.IntegrationTests\EntityFramework.Storage.IntegrationTests.csproj", "{6D14B6B6-8F3F-472A-91BE-7E0303BA4592}"
EndProject
Project("{9A19103F-16F7-4668-BE54-9A1E7A4F7556}") = "Host.AspNetIdentity", "hosts\AspNetIdentity\Host.AspNetIdentity.csproj", "{6070C566-BD7B-42B8-B0F8-5F15CBBA0A9B}"
EndProject
Project("{9A19103F-16F7-4668-BE54-9A1E7A4F7556}") = "Host.EntityFramework", "hosts\EntityFramework\Host.EntityFramework.csproj", "{C53603DE-CAF5-4AEB-A424-C1C72356BB17}"
EndProject
Project("{2150E333-8FDC-42A3-9474-1A3956D46DE8}") = "migrations", "migrations", "{49E98D89-5E7E-46BD-86D0-AB33039A5F28}"
EndProject
Project("{9A19103F-16F7-4668-BE54-9A1E7A4F7556}") = "AspNetIdentityDb", "migrations\AspNetIdentityDb\AspNetIdentityDb.csproj", "{77E74EC9-2D1D-40E6-AD02-39F848B51B78}"
EndProject
Project("{9A19103F-16F7-4668-BE54-9A1E7A4F7556}") = "IdentityServerDb", "migrations\IdentityServerDb\IdentityServerDb.csproj", "{99CC3909-D62A-4744-B6AD-89CC272975F3}"
EndProject
Project("{9A19103F-16F7-4668-BE54-9A1E7A4F7556}") = "Host.Main7", "hosts\main7\Host.Main7.csproj", "{43CF5C83-BD02-49F7-8DB7-FBF7583D668C}"
EndProject
Project("{FAE04EC0-301F-11D3-BF4B-00C04F79EFBC}") = "Host.Configuration", "hosts\Configuration\Host.Configuration.csproj", "{E6EC07BC-1F4E-43BC-ADBB-4ACA0D26920F}"
EndProject
Project("{FAE04EC0-301F-11D3-BF4B-00C04F79EFBC}") = "Duende.IdentityServer.Configuration", "src\Configuration\Duende.IdentityServer.Configuration.csproj", "{C0AE6878-A605-4EA9-8439-2EBB1EF09AAA}"
EndProject
Project("{FAE04EC0-301F-11D3-BF4B-00C04F79EFBC}") = "Duende.IdentityServer.Configuration.EntityFramework", "src\Configuration.EntityFramework\Duende.IdentityServer.Configuration.EntityFramework.csproj", "{754825F1-5386-4343-A3AA-41D31B66179C}"
EndProject
Project("{FAE04EC0-301F-11D3-BF4B-00C04F79EFBC}") = "Configuration.IntegrationTests", "test\Configuration.IntegrationTests\Configuration.IntegrationTests.csproj", "{5882A7DB-BD70-481C-A249-3A422652AFD6}"
EndProject
Global
	GlobalSection(SolutionConfigurationPlatforms) = preSolution
		Debug|Any CPU = Debug|Any CPU
		Debug|x64 = Debug|x64
		Debug|x86 = Debug|x86
		Release|Any CPU = Release|Any CPU
		Release|x64 = Release|x64
		Release|x86 = Release|x86
	EndGlobalSection
	GlobalSection(ProjectConfigurationPlatforms) = postSolution
		{4FEBAA3A-EBF6-4F47-BD44-A8556C14E9F0}.Debug|Any CPU.ActiveCfg = Debug|Any CPU
		{4FEBAA3A-EBF6-4F47-BD44-A8556C14E9F0}.Debug|Any CPU.Build.0 = Debug|Any CPU
		{4FEBAA3A-EBF6-4F47-BD44-A8556C14E9F0}.Debug|x64.ActiveCfg = Debug|Any CPU
		{4FEBAA3A-EBF6-4F47-BD44-A8556C14E9F0}.Debug|x64.Build.0 = Debug|Any CPU
		{4FEBAA3A-EBF6-4F47-BD44-A8556C14E9F0}.Debug|x86.ActiveCfg = Debug|Any CPU
		{4FEBAA3A-EBF6-4F47-BD44-A8556C14E9F0}.Debug|x86.Build.0 = Debug|Any CPU
		{4FEBAA3A-EBF6-4F47-BD44-A8556C14E9F0}.Release|Any CPU.ActiveCfg = Release|Any CPU
		{4FEBAA3A-EBF6-4F47-BD44-A8556C14E9F0}.Release|Any CPU.Build.0 = Release|Any CPU
		{4FEBAA3A-EBF6-4F47-BD44-A8556C14E9F0}.Release|x64.ActiveCfg = Release|Any CPU
		{4FEBAA3A-EBF6-4F47-BD44-A8556C14E9F0}.Release|x64.Build.0 = Release|Any CPU
		{4FEBAA3A-EBF6-4F47-BD44-A8556C14E9F0}.Release|x86.ActiveCfg = Release|Any CPU
		{4FEBAA3A-EBF6-4F47-BD44-A8556C14E9F0}.Release|x86.Build.0 = Release|Any CPU
		{B323C0BF-C0BB-4BD4-9B08-A92EC68C9CED}.Debug|Any CPU.ActiveCfg = Debug|Any CPU
		{B323C0BF-C0BB-4BD4-9B08-A92EC68C9CED}.Debug|Any CPU.Build.0 = Debug|Any CPU
		{B323C0BF-C0BB-4BD4-9B08-A92EC68C9CED}.Debug|x64.ActiveCfg = Debug|Any CPU
		{B323C0BF-C0BB-4BD4-9B08-A92EC68C9CED}.Debug|x64.Build.0 = Debug|Any CPU
		{B323C0BF-C0BB-4BD4-9B08-A92EC68C9CED}.Debug|x86.ActiveCfg = Debug|Any CPU
		{B323C0BF-C0BB-4BD4-9B08-A92EC68C9CED}.Debug|x86.Build.0 = Debug|Any CPU
		{B323C0BF-C0BB-4BD4-9B08-A92EC68C9CED}.Release|Any CPU.ActiveCfg = Release|Any CPU
		{B323C0BF-C0BB-4BD4-9B08-A92EC68C9CED}.Release|Any CPU.Build.0 = Release|Any CPU
		{B323C0BF-C0BB-4BD4-9B08-A92EC68C9CED}.Release|x64.ActiveCfg = Release|Any CPU
		{B323C0BF-C0BB-4BD4-9B08-A92EC68C9CED}.Release|x64.Build.0 = Release|Any CPU
		{B323C0BF-C0BB-4BD4-9B08-A92EC68C9CED}.Release|x86.ActiveCfg = Release|Any CPU
		{B323C0BF-C0BB-4BD4-9B08-A92EC68C9CED}.Release|x86.Build.0 = Release|Any CPU
		{7FE80A13-4265-4427-91E1-89C8AA7548BC}.Debug|Any CPU.ActiveCfg = Debug|Any CPU
		{7FE80A13-4265-4427-91E1-89C8AA7548BC}.Debug|Any CPU.Build.0 = Debug|Any CPU
		{7FE80A13-4265-4427-91E1-89C8AA7548BC}.Debug|x64.ActiveCfg = Debug|Any CPU
		{7FE80A13-4265-4427-91E1-89C8AA7548BC}.Debug|x64.Build.0 = Debug|Any CPU
		{7FE80A13-4265-4427-91E1-89C8AA7548BC}.Debug|x86.ActiveCfg = Debug|Any CPU
		{7FE80A13-4265-4427-91E1-89C8AA7548BC}.Debug|x86.Build.0 = Debug|Any CPU
		{7FE80A13-4265-4427-91E1-89C8AA7548BC}.Release|Any CPU.ActiveCfg = Release|Any CPU
		{7FE80A13-4265-4427-91E1-89C8AA7548BC}.Release|Any CPU.Build.0 = Release|Any CPU
		{7FE80A13-4265-4427-91E1-89C8AA7548BC}.Release|x64.ActiveCfg = Release|Any CPU
		{7FE80A13-4265-4427-91E1-89C8AA7548BC}.Release|x64.Build.0 = Release|Any CPU
		{7FE80A13-4265-4427-91E1-89C8AA7548BC}.Release|x86.ActiveCfg = Release|Any CPU
		{7FE80A13-4265-4427-91E1-89C8AA7548BC}.Release|x86.Build.0 = Release|Any CPU
		{CCF44C3A-3A43-43DB-A595-BC39F3CB2CD0}.Debug|Any CPU.ActiveCfg = Debug|Any CPU
		{CCF44C3A-3A43-43DB-A595-BC39F3CB2CD0}.Debug|Any CPU.Build.0 = Debug|Any CPU
		{CCF44C3A-3A43-43DB-A595-BC39F3CB2CD0}.Debug|x64.ActiveCfg = Debug|Any CPU
		{CCF44C3A-3A43-43DB-A595-BC39F3CB2CD0}.Debug|x64.Build.0 = Debug|Any CPU
		{CCF44C3A-3A43-43DB-A595-BC39F3CB2CD0}.Debug|x86.ActiveCfg = Debug|Any CPU
		{CCF44C3A-3A43-43DB-A595-BC39F3CB2CD0}.Debug|x86.Build.0 = Debug|Any CPU
		{CCF44C3A-3A43-43DB-A595-BC39F3CB2CD0}.Release|Any CPU.ActiveCfg = Release|Any CPU
		{CCF44C3A-3A43-43DB-A595-BC39F3CB2CD0}.Release|Any CPU.Build.0 = Release|Any CPU
		{CCF44C3A-3A43-43DB-A595-BC39F3CB2CD0}.Release|x64.ActiveCfg = Release|Any CPU
		{CCF44C3A-3A43-43DB-A595-BC39F3CB2CD0}.Release|x64.Build.0 = Release|Any CPU
		{CCF44C3A-3A43-43DB-A595-BC39F3CB2CD0}.Release|x86.ActiveCfg = Release|Any CPU
		{CCF44C3A-3A43-43DB-A595-BC39F3CB2CD0}.Release|x86.Build.0 = Release|Any CPU
		{7DB9D734-1D15-4A7B-BAEF-416301DCC6DE}.Debug|Any CPU.ActiveCfg = Debug|Any CPU
		{7DB9D734-1D15-4A7B-BAEF-416301DCC6DE}.Debug|Any CPU.Build.0 = Debug|Any CPU
		{7DB9D734-1D15-4A7B-BAEF-416301DCC6DE}.Debug|x64.ActiveCfg = Debug|Any CPU
		{7DB9D734-1D15-4A7B-BAEF-416301DCC6DE}.Debug|x64.Build.0 = Debug|Any CPU
		{7DB9D734-1D15-4A7B-BAEF-416301DCC6DE}.Debug|x86.ActiveCfg = Debug|Any CPU
		{7DB9D734-1D15-4A7B-BAEF-416301DCC6DE}.Debug|x86.Build.0 = Debug|Any CPU
		{7DB9D734-1D15-4A7B-BAEF-416301DCC6DE}.Release|Any CPU.ActiveCfg = Release|Any CPU
		{7DB9D734-1D15-4A7B-BAEF-416301DCC6DE}.Release|Any CPU.Build.0 = Release|Any CPU
		{7DB9D734-1D15-4A7B-BAEF-416301DCC6DE}.Release|x64.ActiveCfg = Release|Any CPU
		{7DB9D734-1D15-4A7B-BAEF-416301DCC6DE}.Release|x64.Build.0 = Release|Any CPU
		{7DB9D734-1D15-4A7B-BAEF-416301DCC6DE}.Release|x86.ActiveCfg = Release|Any CPU
		{7DB9D734-1D15-4A7B-BAEF-416301DCC6DE}.Release|x86.Build.0 = Release|Any CPU
		{67B2A6B5-31B0-4CD3-8EE4-A4B0BDEA0BD3}.Debug|Any CPU.ActiveCfg = Debug|Any CPU
		{67B2A6B5-31B0-4CD3-8EE4-A4B0BDEA0BD3}.Debug|Any CPU.Build.0 = Debug|Any CPU
		{67B2A6B5-31B0-4CD3-8EE4-A4B0BDEA0BD3}.Debug|x64.ActiveCfg = Debug|Any CPU
		{67B2A6B5-31B0-4CD3-8EE4-A4B0BDEA0BD3}.Debug|x64.Build.0 = Debug|Any CPU
		{67B2A6B5-31B0-4CD3-8EE4-A4B0BDEA0BD3}.Debug|x86.ActiveCfg = Debug|Any CPU
		{67B2A6B5-31B0-4CD3-8EE4-A4B0BDEA0BD3}.Debug|x86.Build.0 = Debug|Any CPU
		{67B2A6B5-31B0-4CD3-8EE4-A4B0BDEA0BD3}.Release|Any CPU.ActiveCfg = Release|Any CPU
		{67B2A6B5-31B0-4CD3-8EE4-A4B0BDEA0BD3}.Release|Any CPU.Build.0 = Release|Any CPU
		{67B2A6B5-31B0-4CD3-8EE4-A4B0BDEA0BD3}.Release|x64.ActiveCfg = Release|Any CPU
		{67B2A6B5-31B0-4CD3-8EE4-A4B0BDEA0BD3}.Release|x64.Build.0 = Release|Any CPU
		{67B2A6B5-31B0-4CD3-8EE4-A4B0BDEA0BD3}.Release|x86.ActiveCfg = Release|Any CPU
		{67B2A6B5-31B0-4CD3-8EE4-A4B0BDEA0BD3}.Release|x86.Build.0 = Release|Any CPU
		{E2849A9F-9BDA-4101-A98B-CA8E2FE9D155}.Debug|Any CPU.ActiveCfg = Debug|Any CPU
		{E2849A9F-9BDA-4101-A98B-CA8E2FE9D155}.Debug|Any CPU.Build.0 = Debug|Any CPU
		{E2849A9F-9BDA-4101-A98B-CA8E2FE9D155}.Debug|x64.ActiveCfg = Debug|Any CPU
		{E2849A9F-9BDA-4101-A98B-CA8E2FE9D155}.Debug|x64.Build.0 = Debug|Any CPU
		{E2849A9F-9BDA-4101-A98B-CA8E2FE9D155}.Debug|x86.ActiveCfg = Debug|Any CPU
		{E2849A9F-9BDA-4101-A98B-CA8E2FE9D155}.Debug|x86.Build.0 = Debug|Any CPU
		{E2849A9F-9BDA-4101-A98B-CA8E2FE9D155}.Release|Any CPU.ActiveCfg = Release|Any CPU
		{E2849A9F-9BDA-4101-A98B-CA8E2FE9D155}.Release|Any CPU.Build.0 = Release|Any CPU
		{E2849A9F-9BDA-4101-A98B-CA8E2FE9D155}.Release|x64.ActiveCfg = Release|Any CPU
		{E2849A9F-9BDA-4101-A98B-CA8E2FE9D155}.Release|x64.Build.0 = Release|Any CPU
		{E2849A9F-9BDA-4101-A98B-CA8E2FE9D155}.Release|x86.ActiveCfg = Release|Any CPU
		{E2849A9F-9BDA-4101-A98B-CA8E2FE9D155}.Release|x86.Build.0 = Release|Any CPU
		{376FD801-0E35-4145-9322-28FFB219E668}.Debug|Any CPU.ActiveCfg = Debug|Any CPU
		{376FD801-0E35-4145-9322-28FFB219E668}.Debug|Any CPU.Build.0 = Debug|Any CPU
		{376FD801-0E35-4145-9322-28FFB219E668}.Debug|x64.ActiveCfg = Debug|Any CPU
		{376FD801-0E35-4145-9322-28FFB219E668}.Debug|x64.Build.0 = Debug|Any CPU
		{376FD801-0E35-4145-9322-28FFB219E668}.Debug|x86.ActiveCfg = Debug|Any CPU
		{376FD801-0E35-4145-9322-28FFB219E668}.Debug|x86.Build.0 = Debug|Any CPU
		{376FD801-0E35-4145-9322-28FFB219E668}.Release|Any CPU.ActiveCfg = Release|Any CPU
		{376FD801-0E35-4145-9322-28FFB219E668}.Release|Any CPU.Build.0 = Release|Any CPU
		{376FD801-0E35-4145-9322-28FFB219E668}.Release|x64.ActiveCfg = Release|Any CPU
		{376FD801-0E35-4145-9322-28FFB219E668}.Release|x64.Build.0 = Release|Any CPU
		{376FD801-0E35-4145-9322-28FFB219E668}.Release|x86.ActiveCfg = Release|Any CPU
		{376FD801-0E35-4145-9322-28FFB219E668}.Release|x86.Build.0 = Release|Any CPU
		{0772AE76-46E3-42A2-AA2F-B8EB56B4EB0D}.Debug|Any CPU.ActiveCfg = Debug|Any CPU
		{0772AE76-46E3-42A2-AA2F-B8EB56B4EB0D}.Debug|Any CPU.Build.0 = Debug|Any CPU
		{0772AE76-46E3-42A2-AA2F-B8EB56B4EB0D}.Debug|x64.ActiveCfg = Debug|Any CPU
		{0772AE76-46E3-42A2-AA2F-B8EB56B4EB0D}.Debug|x64.Build.0 = Debug|Any CPU
		{0772AE76-46E3-42A2-AA2F-B8EB56B4EB0D}.Debug|x86.ActiveCfg = Debug|Any CPU
		{0772AE76-46E3-42A2-AA2F-B8EB56B4EB0D}.Debug|x86.Build.0 = Debug|Any CPU
		{0772AE76-46E3-42A2-AA2F-B8EB56B4EB0D}.Release|Any CPU.ActiveCfg = Release|Any CPU
		{0772AE76-46E3-42A2-AA2F-B8EB56B4EB0D}.Release|Any CPU.Build.0 = Release|Any CPU
		{0772AE76-46E3-42A2-AA2F-B8EB56B4EB0D}.Release|x64.ActiveCfg = Release|Any CPU
		{0772AE76-46E3-42A2-AA2F-B8EB56B4EB0D}.Release|x64.Build.0 = Release|Any CPU
		{0772AE76-46E3-42A2-AA2F-B8EB56B4EB0D}.Release|x86.ActiveCfg = Release|Any CPU
		{0772AE76-46E3-42A2-AA2F-B8EB56B4EB0D}.Release|x86.Build.0 = Release|Any CPU
		{3A72EDFA-1E19-46E6-B983-ECF3EFBF192E}.Debug|Any CPU.ActiveCfg = Debug|Any CPU
		{3A72EDFA-1E19-46E6-B983-ECF3EFBF192E}.Debug|Any CPU.Build.0 = Debug|Any CPU
		{3A72EDFA-1E19-46E6-B983-ECF3EFBF192E}.Debug|x64.ActiveCfg = Debug|Any CPU
		{3A72EDFA-1E19-46E6-B983-ECF3EFBF192E}.Debug|x64.Build.0 = Debug|Any CPU
		{3A72EDFA-1E19-46E6-B983-ECF3EFBF192E}.Debug|x86.ActiveCfg = Debug|Any CPU
		{3A72EDFA-1E19-46E6-B983-ECF3EFBF192E}.Debug|x86.Build.0 = Debug|Any CPU
		{3A72EDFA-1E19-46E6-B983-ECF3EFBF192E}.Release|Any CPU.ActiveCfg = Release|Any CPU
		{3A72EDFA-1E19-46E6-B983-ECF3EFBF192E}.Release|Any CPU.Build.0 = Release|Any CPU
		{3A72EDFA-1E19-46E6-B983-ECF3EFBF192E}.Release|x64.ActiveCfg = Release|Any CPU
		{3A72EDFA-1E19-46E6-B983-ECF3EFBF192E}.Release|x64.Build.0 = Release|Any CPU
		{3A72EDFA-1E19-46E6-B983-ECF3EFBF192E}.Release|x86.ActiveCfg = Release|Any CPU
		{3A72EDFA-1E19-46E6-B983-ECF3EFBF192E}.Release|x86.Build.0 = Release|Any CPU
		{6D14B6B6-8F3F-472A-91BE-7E0303BA4592}.Debug|Any CPU.ActiveCfg = Debug|Any CPU
		{6D14B6B6-8F3F-472A-91BE-7E0303BA4592}.Debug|Any CPU.Build.0 = Debug|Any CPU
		{6D14B6B6-8F3F-472A-91BE-7E0303BA4592}.Debug|x64.ActiveCfg = Debug|Any CPU
		{6D14B6B6-8F3F-472A-91BE-7E0303BA4592}.Debug|x64.Build.0 = Debug|Any CPU
		{6D14B6B6-8F3F-472A-91BE-7E0303BA4592}.Debug|x86.ActiveCfg = Debug|Any CPU
		{6D14B6B6-8F3F-472A-91BE-7E0303BA4592}.Debug|x86.Build.0 = Debug|Any CPU
		{6D14B6B6-8F3F-472A-91BE-7E0303BA4592}.Release|Any CPU.ActiveCfg = Release|Any CPU
		{6D14B6B6-8F3F-472A-91BE-7E0303BA4592}.Release|Any CPU.Build.0 = Release|Any CPU
		{6D14B6B6-8F3F-472A-91BE-7E0303BA4592}.Release|x64.ActiveCfg = Release|Any CPU
		{6D14B6B6-8F3F-472A-91BE-7E0303BA4592}.Release|x64.Build.0 = Release|Any CPU
		{6D14B6B6-8F3F-472A-91BE-7E0303BA4592}.Release|x86.ActiveCfg = Release|Any CPU
		{6D14B6B6-8F3F-472A-91BE-7E0303BA4592}.Release|x86.Build.0 = Release|Any CPU
		{6070C566-BD7B-42B8-B0F8-5F15CBBA0A9B}.Debug|Any CPU.ActiveCfg = Debug|Any CPU
		{6070C566-BD7B-42B8-B0F8-5F15CBBA0A9B}.Debug|Any CPU.Build.0 = Debug|Any CPU
		{6070C566-BD7B-42B8-B0F8-5F15CBBA0A9B}.Debug|x64.ActiveCfg = Debug|Any CPU
		{6070C566-BD7B-42B8-B0F8-5F15CBBA0A9B}.Debug|x64.Build.0 = Debug|Any CPU
		{6070C566-BD7B-42B8-B0F8-5F15CBBA0A9B}.Debug|x86.ActiveCfg = Debug|Any CPU
		{6070C566-BD7B-42B8-B0F8-5F15CBBA0A9B}.Debug|x86.Build.0 = Debug|Any CPU
		{6070C566-BD7B-42B8-B0F8-5F15CBBA0A9B}.Release|Any CPU.ActiveCfg = Release|Any CPU
		{6070C566-BD7B-42B8-B0F8-5F15CBBA0A9B}.Release|Any CPU.Build.0 = Release|Any CPU
		{6070C566-BD7B-42B8-B0F8-5F15CBBA0A9B}.Release|x64.ActiveCfg = Release|Any CPU
		{6070C566-BD7B-42B8-B0F8-5F15CBBA0A9B}.Release|x64.Build.0 = Release|Any CPU
		{6070C566-BD7B-42B8-B0F8-5F15CBBA0A9B}.Release|x86.ActiveCfg = Release|Any CPU
		{6070C566-BD7B-42B8-B0F8-5F15CBBA0A9B}.Release|x86.Build.0 = Release|Any CPU
		{C53603DE-CAF5-4AEB-A424-C1C72356BB17}.Debug|Any CPU.ActiveCfg = Debug|Any CPU
		{C53603DE-CAF5-4AEB-A424-C1C72356BB17}.Debug|Any CPU.Build.0 = Debug|Any CPU
		{C53603DE-CAF5-4AEB-A424-C1C72356BB17}.Debug|x64.ActiveCfg = Debug|Any CPU
		{C53603DE-CAF5-4AEB-A424-C1C72356BB17}.Debug|x64.Build.0 = Debug|Any CPU
		{C53603DE-CAF5-4AEB-A424-C1C72356BB17}.Debug|x86.ActiveCfg = Debug|Any CPU
		{C53603DE-CAF5-4AEB-A424-C1C72356BB17}.Debug|x86.Build.0 = Debug|Any CPU
		{C53603DE-CAF5-4AEB-A424-C1C72356BB17}.Release|Any CPU.ActiveCfg = Release|Any CPU
		{C53603DE-CAF5-4AEB-A424-C1C72356BB17}.Release|Any CPU.Build.0 = Release|Any CPU
		{C53603DE-CAF5-4AEB-A424-C1C72356BB17}.Release|x64.ActiveCfg = Release|Any CPU
		{C53603DE-CAF5-4AEB-A424-C1C72356BB17}.Release|x64.Build.0 = Release|Any CPU
		{C53603DE-CAF5-4AEB-A424-C1C72356BB17}.Release|x86.ActiveCfg = Release|Any CPU
		{C53603DE-CAF5-4AEB-A424-C1C72356BB17}.Release|x86.Build.0 = Release|Any CPU
		{77E74EC9-2D1D-40E6-AD02-39F848B51B78}.Debug|Any CPU.ActiveCfg = Debug|Any CPU
		{77E74EC9-2D1D-40E6-AD02-39F848B51B78}.Debug|Any CPU.Build.0 = Debug|Any CPU
		{77E74EC9-2D1D-40E6-AD02-39F848B51B78}.Debug|x64.ActiveCfg = Debug|Any CPU
		{77E74EC9-2D1D-40E6-AD02-39F848B51B78}.Debug|x64.Build.0 = Debug|Any CPU
		{77E74EC9-2D1D-40E6-AD02-39F848B51B78}.Debug|x86.ActiveCfg = Debug|Any CPU
		{77E74EC9-2D1D-40E6-AD02-39F848B51B78}.Debug|x86.Build.0 = Debug|Any CPU
		{77E74EC9-2D1D-40E6-AD02-39F848B51B78}.Release|Any CPU.ActiveCfg = Release|Any CPU
		{77E74EC9-2D1D-40E6-AD02-39F848B51B78}.Release|Any CPU.Build.0 = Release|Any CPU
		{77E74EC9-2D1D-40E6-AD02-39F848B51B78}.Release|x64.ActiveCfg = Release|Any CPU
		{77E74EC9-2D1D-40E6-AD02-39F848B51B78}.Release|x64.Build.0 = Release|Any CPU
		{77E74EC9-2D1D-40E6-AD02-39F848B51B78}.Release|x86.ActiveCfg = Release|Any CPU
		{77E74EC9-2D1D-40E6-AD02-39F848B51B78}.Release|x86.Build.0 = Release|Any CPU
		{99CC3909-D62A-4744-B6AD-89CC272975F3}.Debug|Any CPU.ActiveCfg = Debug|Any CPU
		{99CC3909-D62A-4744-B6AD-89CC272975F3}.Debug|Any CPU.Build.0 = Debug|Any CPU
		{99CC3909-D62A-4744-B6AD-89CC272975F3}.Debug|x64.ActiveCfg = Debug|Any CPU
		{99CC3909-D62A-4744-B6AD-89CC272975F3}.Debug|x64.Build.0 = Debug|Any CPU
		{99CC3909-D62A-4744-B6AD-89CC272975F3}.Debug|x86.ActiveCfg = Debug|Any CPU
		{99CC3909-D62A-4744-B6AD-89CC272975F3}.Debug|x86.Build.0 = Debug|Any CPU
		{99CC3909-D62A-4744-B6AD-89CC272975F3}.Release|Any CPU.ActiveCfg = Release|Any CPU
		{99CC3909-D62A-4744-B6AD-89CC272975F3}.Release|Any CPU.Build.0 = Release|Any CPU
		{99CC3909-D62A-4744-B6AD-89CC272975F3}.Release|x64.ActiveCfg = Release|Any CPU
		{99CC3909-D62A-4744-B6AD-89CC272975F3}.Release|x64.Build.0 = Release|Any CPU
		{99CC3909-D62A-4744-B6AD-89CC272975F3}.Release|x86.ActiveCfg = Release|Any CPU
		{99CC3909-D62A-4744-B6AD-89CC272975F3}.Release|x86.Build.0 = Release|Any CPU
		{43CF5C83-BD02-49F7-8DB7-FBF7583D668C}.Debug|Any CPU.ActiveCfg = Debug|Any CPU
		{43CF5C83-BD02-49F7-8DB7-FBF7583D668C}.Debug|Any CPU.Build.0 = Debug|Any CPU
		{43CF5C83-BD02-49F7-8DB7-FBF7583D668C}.Debug|x64.ActiveCfg = Debug|Any CPU
		{43CF5C83-BD02-49F7-8DB7-FBF7583D668C}.Debug|x64.Build.0 = Debug|Any CPU
		{43CF5C83-BD02-49F7-8DB7-FBF7583D668C}.Debug|x86.ActiveCfg = Debug|Any CPU
		{43CF5C83-BD02-49F7-8DB7-FBF7583D668C}.Debug|x86.Build.0 = Debug|Any CPU
		{43CF5C83-BD02-49F7-8DB7-FBF7583D668C}.Release|Any CPU.ActiveCfg = Release|Any CPU
		{43CF5C83-BD02-49F7-8DB7-FBF7583D668C}.Release|Any CPU.Build.0 = Release|Any CPU
		{43CF5C83-BD02-49F7-8DB7-FBF7583D668C}.Release|x64.ActiveCfg = Release|Any CPU
		{43CF5C83-BD02-49F7-8DB7-FBF7583D668C}.Release|x64.Build.0 = Release|Any CPU
		{43CF5C83-BD02-49F7-8DB7-FBF7583D668C}.Release|x86.ActiveCfg = Release|Any CPU
		{43CF5C83-BD02-49F7-8DB7-FBF7583D668C}.Release|x86.Build.0 = Release|Any CPU
		{C0AE6878-A605-4EA9-8439-2EBB1EF09AAA}.Debug|Any CPU.ActiveCfg = Debug|Any CPU
		{C0AE6878-A605-4EA9-8439-2EBB1EF09AAA}.Debug|Any CPU.Build.0 = Debug|Any CPU
		{C0AE6878-A605-4EA9-8439-2EBB1EF09AAA}.Debug|x64.ActiveCfg = Debug|Any CPU
		{C0AE6878-A605-4EA9-8439-2EBB1EF09AAA}.Debug|x64.Build.0 = Debug|Any CPU
		{C0AE6878-A605-4EA9-8439-2EBB1EF09AAA}.Debug|x86.ActiveCfg = Debug|Any CPU
		{C0AE6878-A605-4EA9-8439-2EBB1EF09AAA}.Debug|x86.Build.0 = Debug|Any CPU
		{C0AE6878-A605-4EA9-8439-2EBB1EF09AAA}.Release|Any CPU.ActiveCfg = Release|Any CPU
		{C0AE6878-A605-4EA9-8439-2EBB1EF09AAA}.Release|Any CPU.Build.0 = Release|Any CPU
		{C0AE6878-A605-4EA9-8439-2EBB1EF09AAA}.Release|x64.ActiveCfg = Release|Any CPU
		{C0AE6878-A605-4EA9-8439-2EBB1EF09AAA}.Release|x64.Build.0 = Release|Any CPU
		{C0AE6878-A605-4EA9-8439-2EBB1EF09AAA}.Release|x86.ActiveCfg = Release|Any CPU
		{C0AE6878-A605-4EA9-8439-2EBB1EF09AAA}.Release|x86.Build.0 = Release|Any CPU
		{754825F1-5386-4343-A3AA-41D31B66179C}.Debug|Any CPU.ActiveCfg = Debug|Any CPU
		{754825F1-5386-4343-A3AA-41D31B66179C}.Debug|Any CPU.Build.0 = Debug|Any CPU
		{754825F1-5386-4343-A3AA-41D31B66179C}.Debug|x64.ActiveCfg = Debug|Any CPU
		{754825F1-5386-4343-A3AA-41D31B66179C}.Debug|x64.Build.0 = Debug|Any CPU
		{754825F1-5386-4343-A3AA-41D31B66179C}.Debug|x86.ActiveCfg = Debug|Any CPU
		{754825F1-5386-4343-A3AA-41D31B66179C}.Debug|x86.Build.0 = Debug|Any CPU
		{754825F1-5386-4343-A3AA-41D31B66179C}.Release|Any CPU.ActiveCfg = Release|Any CPU
		{754825F1-5386-4343-A3AA-41D31B66179C}.Release|Any CPU.Build.0 = Release|Any CPU
		{754825F1-5386-4343-A3AA-41D31B66179C}.Release|x64.ActiveCfg = Release|Any CPU
		{754825F1-5386-4343-A3AA-41D31B66179C}.Release|x64.Build.0 = Release|Any CPU
		{754825F1-5386-4343-A3AA-41D31B66179C}.Release|x86.ActiveCfg = Release|Any CPU
		{754825F1-5386-4343-A3AA-41D31B66179C}.Release|x86.Build.0 = Release|Any CPU
		{5882A7DB-BD70-481C-A249-3A422652AFD6}.Debug|Any CPU.ActiveCfg = Debug|Any CPU
		{5882A7DB-BD70-481C-A249-3A422652AFD6}.Debug|Any CPU.Build.0 = Debug|Any CPU
		{5882A7DB-BD70-481C-A249-3A422652AFD6}.Debug|x64.ActiveCfg = Debug|Any CPU
		{5882A7DB-BD70-481C-A249-3A422652AFD6}.Debug|x64.Build.0 = Debug|Any CPU
		{5882A7DB-BD70-481C-A249-3A422652AFD6}.Debug|x86.ActiveCfg = Debug|Any CPU
		{5882A7DB-BD70-481C-A249-3A422652AFD6}.Debug|x86.Build.0 = Debug|Any CPU
		{5882A7DB-BD70-481C-A249-3A422652AFD6}.Release|Any CPU.ActiveCfg = Release|Any CPU
		{5882A7DB-BD70-481C-A249-3A422652AFD6}.Release|Any CPU.Build.0 = Release|Any CPU
		{5882A7DB-BD70-481C-A249-3A422652AFD6}.Release|x64.ActiveCfg = Release|Any CPU
		{5882A7DB-BD70-481C-A249-3A422652AFD6}.Release|x64.Build.0 = Release|Any CPU
		{5882A7DB-BD70-481C-A249-3A422652AFD6}.Release|x86.ActiveCfg = Release|Any CPU
		{5882A7DB-BD70-481C-A249-3A422652AFD6}.Release|x86.Build.0 = Release|Any CPU
		{E6EC07BC-1F4E-43BC-ADBB-4ACA0D26920F}.Debug|Any CPU.ActiveCfg = Debug|Any CPU
		{E6EC07BC-1F4E-43BC-ADBB-4ACA0D26920F}.Debug|Any CPU.Build.0 = Debug|Any CPU
		{E6EC07BC-1F4E-43BC-ADBB-4ACA0D26920F}.Debug|x64.ActiveCfg = Debug|Any CPU
		{E6EC07BC-1F4E-43BC-ADBB-4ACA0D26920F}.Debug|x64.Build.0 = Debug|Any CPU
		{E6EC07BC-1F4E-43BC-ADBB-4ACA0D26920F}.Debug|x86.ActiveCfg = Debug|Any CPU
		{E6EC07BC-1F4E-43BC-ADBB-4ACA0D26920F}.Debug|x86.Build.0 = Debug|Any CPU
		{E6EC07BC-1F4E-43BC-ADBB-4ACA0D26920F}.Release|Any CPU.ActiveCfg = Release|Any CPU
		{E6EC07BC-1F4E-43BC-ADBB-4ACA0D26920F}.Release|Any CPU.Build.0 = Release|Any CPU
		{E6EC07BC-1F4E-43BC-ADBB-4ACA0D26920F}.Release|x64.ActiveCfg = Release|Any CPU
		{E6EC07BC-1F4E-43BC-ADBB-4ACA0D26920F}.Release|x64.Build.0 = Release|Any CPU
		{E6EC07BC-1F4E-43BC-ADBB-4ACA0D26920F}.Release|x86.ActiveCfg = Release|Any CPU
		{E6EC07BC-1F4E-43BC-ADBB-4ACA0D26920F}.Release|x86.Build.0 = Release|Any CPU
	EndGlobalSection
	GlobalSection(SolutionProperties) = preSolution
		HideSolutionNode = FALSE
	EndGlobalSection
	GlobalSection(NestedProjects) = preSolution
		{4FEBAA3A-EBF6-4F47-BD44-A8556C14E9F0} = {D5E9E8E5-4050-4B9A-9F1F-15FA3BDB0684}
		{B323C0BF-C0BB-4BD4-9B08-A92EC68C9CED} = {D5E9E8E5-4050-4B9A-9F1F-15FA3BDB0684}
		{7FE80A13-4265-4427-91E1-89C8AA7548BC} = {DF26567D-46BB-4720-8610-EC3D6AB9793C}
		{CCF44C3A-3A43-43DB-A595-BC39F3CB2CD0} = {DF26567D-46BB-4720-8610-EC3D6AB9793C}
		{7DB9D734-1D15-4A7B-BAEF-416301DCC6DE} = {82C80BEB-73A0-4B96-83A4-7C69792CF010}
		{67B2A6B5-31B0-4CD3-8EE4-A4B0BDEA0BD3} = {D5E9E8E5-4050-4B9A-9F1F-15FA3BDB0684}
		{E2849A9F-9BDA-4101-A98B-CA8E2FE9D155} = {D5E9E8E5-4050-4B9A-9F1F-15FA3BDB0684}
		{376FD801-0E35-4145-9322-28FFB219E668} = {D5E9E8E5-4050-4B9A-9F1F-15FA3BDB0684}
		{0772AE76-46E3-42A2-AA2F-B8EB56B4EB0D} = {DF26567D-46BB-4720-8610-EC3D6AB9793C}
		{3A72EDFA-1E19-46E6-B983-ECF3EFBF192E} = {DF26567D-46BB-4720-8610-EC3D6AB9793C}
		{6D14B6B6-8F3F-472A-91BE-7E0303BA4592} = {DF26567D-46BB-4720-8610-EC3D6AB9793C}
		{6070C566-BD7B-42B8-B0F8-5F15CBBA0A9B} = {82C80BEB-73A0-4B96-83A4-7C69792CF010}
		{C53603DE-CAF5-4AEB-A424-C1C72356BB17} = {82C80BEB-73A0-4B96-83A4-7C69792CF010}
		{77E74EC9-2D1D-40E6-AD02-39F848B51B78} = {49E98D89-5E7E-46BD-86D0-AB33039A5F28}
		{99CC3909-D62A-4744-B6AD-89CC272975F3} = {49E98D89-5E7E-46BD-86D0-AB33039A5F28}
		{43CF5C83-BD02-49F7-8DB7-FBF7583D668C} = {82C80BEB-73A0-4B96-83A4-7C69792CF010}
		{C0AE6878-A605-4EA9-8439-2EBB1EF09AAA} = {D5E9E8E5-4050-4B9A-9F1F-15FA3BDB0684}
		{754825F1-5386-4343-A3AA-41D31B66179C} = {D5E9E8E5-4050-4B9A-9F1F-15FA3BDB0684}
		{5882A7DB-BD70-481C-A249-3A422652AFD6} = {DF26567D-46BB-4720-8610-EC3D6AB9793C}
		{E6EC07BC-1F4E-43BC-ADBB-4ACA0D26920F} = {82C80BEB-73A0-4B96-83A4-7C69792CF010}
	EndGlobalSection
	GlobalSection(ExtensibilityGlobals) = postSolution
		SolutionGuid = {FDB095BE-A04A-4440-ACA0-EDD7CF9CFD64}
	EndGlobalSection
EndGlobal
